
Microsoft Visual Studio Solution File, Format Version 12.00
# Visual Studio Version 17
VisualStudioVersion = 17.14.36804.6
MinimumVisualStudioVersion = 10.0.40219.1
Project("{8BC9CEB8-8B4A-11D0-8D11-00A0C91BC942}") = "tmui", "GLUI2\GLUI2.vcxproj", "{7E61967A-BC10-4B34-9649-FBF9FD38906C}"
EndProject
Global
	GlobalSection(SolutionConfigurationPlatforms) = preSolution
		Debug|x64 = Debug|x64
		Debug|x86 = Debug|x86
		DebugLib|x64 = DebugLib|x64
		DebugLib|x86 = DebugLib|x86
		Release|x64 = Release|x64
		Release|x86 = Release|x86
		ReleaseLib|x64 = ReleaseLib|x64
		ReleaseLib|x86 = ReleaseLib|x86
	EndGlobalSection
	GlobalSection(ProjectConfigurationPlatforms) = postSolution
		{7E61967A-BC10-4B34-9649-FBF9FD38906C}.Debug|x64.ActiveCfg = Debug|x64
		{7E61967A-BC10-4B34-9649-FBF9FD38906C}.Debug|x64.Build.0 = Debug|x64
		{7E61967A-BC10-4B34-9649-FBF9FD38906C}.Debug|x86.ActiveCfg = Debug|Win32
		{7E61967A-BC10-4B34-9649-FBF9FD38906C}.Debug|x86.Build.0 = Debug|Win32
		{7E61967A-BC10-4B34-9649-FBF9FD38906C}.DebugLib|x64.ActiveCfg = DebugLib|x64
		{7E61967A-BC10-4B34-9649-FBF9FD38906C}.DebugLib|x64.Build.0 = DebugLib|x64
		{7E61967A-BC10-4B34-9649-FBF9FD38906C}.DebugLib|x86.ActiveCfg = DebugLib|Win32
		{7E61967A-BC10-4B34-9649-FBF9FD38906C}.DebugLib|x86.Build.0 = DebugLib|Win32
		{7E61967A-BC10-4B34-9649-FBF9FD38906C}.Release|x64.ActiveCfg = Release|x64
		{7E61967A-BC10-4B34-9649-FBF9FD38906C}.Release|x64.Build.0 = Release|x64
		{7E61967A-BC10-4B34-9649-FBF9FD38906C}.Release|x86.ActiveCfg = Release|Win32
		{7E61967A-BC10-4B34-9649-FBF9FD38906C}.Release|x86.Build.0 = Release|Win32
		{7E61967A-BC10-4B34-9649-FBF9FD38906C}.ReleaseLib|x64.ActiveCfg = ReleaseLib|x64
		{7E61967A-BC10-4B34-9649-FBF9FD38906C}.ReleaseLib|x64.Build.0 = ReleaseLib|x64
		{7E61967A-BC10-4B34-9649-FBF9FD38906C}.ReleaseLib|x86.ActiveCfg = ReleaseLib|Win32
		{7E61967A-BC10-4B34-9649-FBF9FD38906C}.ReleaseLib|x86.Build.0 = ReleaseLib|Win32
	EndGlobalSection
	GlobalSection(SolutionProperties) = preSolution
		HideSolutionNode = FALSE
	EndGlobalSection
	GlobalSection(ExtensibilityGlobals) = postSolution
		SolutionGuid = {D9824E54-0C39-46C0-997C-100774589448}
	EndGlobalSection
EndGlobal
