<?xml version="1.0" encoding="utf-8"?>
<Project ToolsVersion="4.0" xmlns="http://schemas.microsoft.com/developer/msbuild/2003">
  <ItemGroup>
    <Filter Include="源文件">
      <UniqueIdentifier>{4FC737F1-C7A5-4376-A066-2A32D752A2FF}</UniqueIdentifier>
      <Extensions>cpp;c;cc;cxx;c++;cppm;ixx;def;odl;idl;hpj;bat;asm;asmx</Extensions>
    </Filter>
    <Filter Include="头文件">
      <UniqueIdentifier>{93995380-89BD-4b04-88EB-625FBE52EBFB}</UniqueIdentifier>
      <Extensions>h;hh;hpp;hxx;h++;hm;inl;inc;ipp;xsd</Extensions>
    </Filter>
    <Filter Include="资源文件">
      <UniqueIdentifier>{67DA6AB6-F800-4c08-8B7A-83BB121AAD01}</UniqueIdentifier>
      <Extensions>rc;ico;cur;bmp;dlg;rc2;rct;bin;rgs;gif;jpg;jpeg;jpe;resx;tiff;tif;png;wav;mfcribbon-ms</Extensions>
    </Filter>
  </ItemGroup>
  <ItemGroup>
    <ClInclude Include="include\component\Component.h">
      <Filter>头文件</Filter>
    </ClInclude>
    <ClInclude Include="include\component\Rectangle.h">
      <Filter>头文件</Filter>
    </ClInclude>
    <ClInclude Include="include\component\Triangle.h">
      <Filter>头文件</Filter>
    </ClInclude>
    <ClInclude Include="include\debug\debug.h">
      <Filter>头文件</Filter>
    </ClInclude>
    <ClInclude Include="include\render\Buffer.h">
      <Filter>头文件</Filter>
    </ClInclude>
    <ClInclude Include="include\render\Data.h">
      <Filter>头文件</Filter>
    </ClInclude>
    <ClInclude Include="include\render\Shader.h">
      <Filter>头文件</Filter>
    </ClInclude>
    <ClInclude Include="include\util\util.h">
      <Filter>头文件</Filter>
    </ClInclude>
    <ClInclude Include="include\window\Window.h">
      <Filter>头文件</Filter>
    </ClInclude>
    <ClInclude Include="include\component\Event.h">
      <Filter>头文件</Filter>
    </ClInclude>
    <ClInclude Include="include\component\Button.h">
      <Filter>头文件</Filter>
    </ClInclude>
    <ClInclude Include="include\component\Text.h">
      <Filter>头文件</Filter>
    </ClInclude>
    <ClInclude Include="include\debug\macros.h">
      <Filter>头文件</Filter>
    </ClInclude>
    <ClInclude Include="include\component\Container.h">
      <Filter>头文件</Filter>
    </ClInclude>
    <ClInclude Include="include\component\LoadingBar.h">
      <Filter>头文件</Filter>
    </ClInclude>
    <ClInclude Include="include\component\Image.h">
      <Filter>头文件</Filter>
    </ClInclude>
  </ItemGroup>
  <ItemGroup>
    <ClCompile Include="src\imp\Buffer.cpp">
      <Filter>源文件</Filter>
    </ClCompile>
    <ClCompile Include="src\imp\Component.cpp">
      <Filter>源文件</Filter>
    </ClCompile>
    <ClCompile Include="src\imp\Data.cpp">
      <Filter>源文件</Filter>
    </ClCompile>
    <ClCompile Include="src\imp\debug.cpp">
      <Filter>源文件</Filter>
    </ClCompile>
    <ClCompile Include="src\imp\Rectangle.cpp">
      <Filter>源文件</Filter>
    </ClCompile>
    <ClCompile Include="src\imp\Shader.cpp">
      <Filter>源文件</Filter>
    </ClCompile>
    <ClCompile Include="src\imp\Triangle.cpp">
      <Filter>源文件</Filter>
    </ClCompile>
    <ClCompile Include="src\imp\Window.cpp">
      <Filter>源文件</Filter>
    </ClCompile>
    <ClCompile Include="src\imp\Event.cpp">
      <Filter>源文件</Filter>
    </ClCompile>
    <ClCompile Include="src\imp\Button.cpp">
      <Filter>源文件</Filter>
    </ClCompile>
    <ClCompile Include="src\imp\Text.cpp">
      <Filter>源文件</Filter>
    </ClCompile>
    <ClCompile Include="src\imp\Container.cpp">
      <Filter>源文件</Filter>
    </ClCompile>
    <ClCompile Include="src\imp\LoadingBar.cpp">
      <Filter>源文件</Filter>
    </ClCompile>
    <ClCompile Include="src\imp\stb_image.cpp">
      <Filter>源文件</Filter>
    </ClCompile>
    <ClCompile Include="src\imp\Image.cpp">
      <Filter>源文件</Filter>
    </ClCompile>
    <ClCompile Include="src\example1.cpp">
      <Filter>源文件</Filter>
    </ClCompile>
  </ItemGroup>
</Project>